
Microsoft Visual Studio Solution File, Format Version 12.00
# Visual Studio Version 16
VisualStudioVersion = 16.0.32630.194
MinimumVisualStudioVersion = 10.0.40219.1
Project("{FAE04EC0-301F-11D3-BF4B-00C04F79EFBC}") = "CW", "CW.csproj", "{8C97E339-1B06-4A44-8CBA-63306ED32A5C}"
EndProject
Global
	GlobalSection(SolutionConfigurationPlatforms) = preSolution
		Debug|Any CPU = Debug|Any CPU
		Release|Any CPU = Release|Any CPU
	EndGlobalSection
	GlobalSection(ProjectConfigurationPlatforms) = postSolution
		{8C97E339-1B06-4A44-8CBA-63306ED32A5C}.Debug|Any CPU.ActiveCfg = Debug|Any CPU
		{8C97E339-1B06-4A44-8CBA-63306ED32A5C}.Debug|Any CPU.Build.0 = Debug|Any CPU
		{8C97E339-1B06-4A44-8CBA-63306ED32A5C}.Release|Any CPU.ActiveCfg = Release|Any CPU
		{8C97E339-1B06-4A44-8CBA-63306ED32A5C}.Release|Any CPU.Build.0 = Release|Any CPU
	EndGlobalSection
	GlobalSection(SolutionProperties) = preSolution
		HideSolutionNode = FALSE
	EndGlobalSection
	GlobalSection(ExtensibilityGlobals) = postSolution
		SolutionGuid = {0A1831A1-A573-4C91-BBFA-C4BAD25396C4}
	EndGlobalSection
EndGlobal
